Microsoft Visual Studio Solution File, Format Version 11.00
# Visual Studio 2008

Project("{6B5B4700-05F3-6440-006F-9A22587D4D9C}") = "Dream_house", "Assembly-CSharp-firstpass.csproj", "{88E73C22-7550-D917-6897-C2968486BD8A}"
EndProject
Project("{6B5B4700-05F3-6440-006F-9A22587D4D9C}") = "Dream_house", "Assembly-CSharp.csproj", "{D3E50DA3-BF45-A3A7-0894-2A0412A6BE93}"
EndProject
Project("{6B5B4700-05F3-6440-006F-9A22587D4D9C}") = "Dream_house", "Assembly-CSharp-Editor.csproj", "{7F0DE163-72FC-C575-A09A-76FBD1CA77EA}"
EndProject
Project("{6B5B4700-05F3-6440-006F-9A22587D4D9C}") = "Dream_house", "Assembly-UnityScript.unityproj", "{D1BEEE07-31BA-289C-82AF-D972BAC3E25B}"
EndProject
Global
	GlobalSection(SolutionConfigurationPlatforms) = preSolution
		Debug|Any CPU = Debug|Any CPU
		Release|Any CPU = Release|Any CPU
	EndGlobalSection
	GlobalSection(ProjectConfigurationPlatforms) = postSolution
		{88E73C22-7550-D917-6897-C2968486BD8A}.Debug|Any CPU.ActiveCfg = Debug|Any CPU
		{88E73C22-7550-D917-6897-C2968486BD8A}.Debug|Any CPU.Build.0 = Debug|Any CPU
		{88E73C22-7550-D917-6897-C2968486BD8A}.Release|Any CPU.ActiveCfg = Release|Any CPU
		{88E73C22-7550-D917-6897-C2968486BD8A}.Release|Any CPU.Build.0 = Release|Any CPU
		{D3E50DA3-BF45-A3A7-0894-2A0412A6BE93}.Debug|Any CPU.ActiveCfg = Debug|Any CPU
		{D3E50DA3-BF45-A3A7-0894-2A0412A6BE93}.Debug|Any CPU.Build.0 = Debug|Any CPU
		{D3E50DA3-BF45-A3A7-0894-2A0412A6BE93}.Release|Any CPU.ActiveCfg = Release|Any CPU
		{D3E50DA3-BF45-A3A7-0894-2A0412A6BE93}.Release|Any CPU.Build.0 = Release|Any CPU
		{7F0DE163-72FC-C575-A09A-76FBD1CA77EA}.Debug|Any CPU.ActiveCfg = Debug|Any CPU
		{7F0DE163-72FC-C575-A09A-76FBD1CA77EA}.Debug|Any CPU.Build.0 = Debug|Any CPU
		{7F0DE163-72FC-C575-A09A-76FBD1CA77EA}.Release|Any CPU.ActiveCfg = Release|Any CPU
		{7F0DE163-72FC-C575-A09A-76FBD1CA77EA}.Release|Any CPU.Build.0 = Release|Any CPU
		{D1BEEE07-31BA-289C-82AF-D972BAC3E25B}.Debug|Any CPU.ActiveCfg = Debug|Any CPU
		{D1BEEE07-31BA-289C-82AF-D972BAC3E25B}.Debug|Any CPU.Build.0 = Debug|Any CPU
		{D1BEEE07-31BA-289C-82AF-D972BAC3E25B}.Release|Any CPU.ActiveCfg = Release|Any CPU
		{D1BEEE07-31BA-289C-82AF-D972BAC3E25B}.Release|Any CPU.Build.0 = Release|Any CPU
	EndGlobalSection
	GlobalSection(SolutionProperties) = preSolution
		HideSolutionNode = FALSE
	EndGlobalSection
					GlobalSection(MonoDevelopProperties) = preSolution
		StartupItem = Assembly-CSharp.csproj
		Policies = $0
		$0.TextStylePolicy = $1
		$1.inheritsSet = null
		$1.scope = text/x-csharp
		$0.CSharpFormattingPolicy = $2
		$2.inheritsSet = Mono
		$2.inheritsScope = text/x-csharp
		$2.scope = text/x-csharp
		$0.TextStylePolicy = $3
		$3.FileWidth = 120
		$3.TabWidth = 4
		$3.IndentWidth = 4
		$3.EolMarker = Unix
		$3.inheritsSet = Mono
		$3.inheritsScope = text/plain
		$3.scope = text/plain
	EndGlobalSection

EndGlobal
